
Microsoft Visual Studio Solution File, Format Version 12.00
# Visual Studio Version 17
VisualStudioVersion = 17.9.34607.119
MinimumVisualStudioVersion = 10.0.40219.1
Project("{9A19103F-16F7-4668-BE54-9A1E7A4F7556}") = "Sports_Exercise_Battle", "Sports_Exercise_Battle.csproj", "{26EEEA8C-F1B0-47B3-ABB4-E056ACF4E425}"
EndProject
Project("{FAE04EC0-301F-11D3-BF4B-00C04F79EFBC}") = "Sports_Exercise_Battle_UnitTests", "..\Sports_Exercise_Battle_UnitTests\Sports_Exercise_Battle_UnitTests.csproj", "{A46E1939-1312-41E5-B776-84CDCEC0817F}"
	ProjectSection(ProjectDependencies) = postProject
		{26EEEA8C-F1B0-47B3-ABB4-E056ACF4E425} = {26EEEA8C-F1B0-47B3-ABB4-E056ACF4E425}
	EndProjectSection
EndProject
Global
	GlobalSection(SolutionConfigurationPlatforms) = preSolution
		Debug|Any CPU = Debug|Any CPU
		Release|Any CPU = Release|Any CPU
	EndGlobalSection
	GlobalSection(ProjectConfigurationPlatforms) = postSolution
		{26EEEA8C-F1B0-47B3-ABB4-E056ACF4E425}.Debug|Any CPU.ActiveCfg = Debug|Any CPU
		{26EEEA8C-F1B0-47B3-ABB4-E056ACF4E425}.Debug|Any CPU.Build.0 = Debug|Any CPU
		{26EEEA8C-F1B0-47B3-ABB4-E056ACF4E425}.Release|Any CPU.ActiveCfg = Release|Any CPU
		{26EEEA8C-F1B0-47B3-ABB4-E056ACF4E425}.Release|Any CPU.Build.0 = Release|Any CPU
		{A46E1939-1312-41E5-B776-84CDCEC0817F}.Debug|Any CPU.ActiveCfg = Debug|Any CPU
		{A46E1939-1312-41E5-B776-84CDCEC0817F}.Debug|Any CPU.Build.0 = Debug|Any CPU
		{A46E1939-1312-41E5-B776-84CDCEC0817F}.Release|Any CPU.ActiveCfg = Release|Any CPU
		{A46E1939-1312-41E5-B776-84CDCEC0817F}.Release|Any CPU.Build.0 = Release|Any CPU
	EndGlobalSection
	GlobalSection(SolutionProperties) = preSolution
		HideSolutionNode = FALSE
	EndGlobalSection
	GlobalSection(ExtensibilityGlobals) = postSolution
		SolutionGuid = {72E49BE9-A7B0-4A2C-9230-F2BE4CDA0CD0}
	EndGlobalSection
EndGlobal
